# This file is automatically @generated by Wally.
# It is not intended for manual editing.
registry = "test"

[[package]]
name = "evaera/promise"
version = "4.0.0"
dependencies = []

[[package]]
name = "hahafunnyman/binder"
version = "0.2.0"
dependencies = [["Janitor", "howmanysmall/janitor@1.15.6"], ["Promise", "evaera/promise@4.0.0"], ["Signal", "sleitnick/signal@1.5.0"]]

[[package]]
name = "haxca/smth-survivors"
version = "0.1.0"
dependencies = [["Trove", "sleitnick/trove@1.1.0"], ["binder", "hahafunnyman/binder@0.2.0"], ["roact", "roblox/roact@1.4.4"], ["signal", "sleitnick/signal@1.5.0"]]

[[package]]
name = "howmanysmall/janitor"
version = "1.15.6"
dependencies = [["Promise", "evaera/promise@4.0.0"]]

[[package]]
name = "roblox/roact"
version = "1.4.4"
dependencies = []

[[package]]
name = "sleitnick/signal"
version = "1.5.0"
dependencies = []

[[package]]
name = "sleitnick/trove"
version = "1.1.0"
dependencies = []
